{
  "requires": true,
  "lockfileVersion": 1,
  "dependencies": {
    "element-theme-chalk": {
      "version": "2.15.12",
      "resolved": "https://registry.npmjs.org/element-theme-chalk/-/element-theme-chalk-2.15.12.tgz",
      "integrity": "sha512-0aUaUiO58MLYReyNnRSm73qs6zqA9U3Nb/4JB+yZdILhAwhYUTAMWKVv7ZjZqIFN5bgXNODaDaUyA7esrYG8mA==",
      "dev": true
    }
  }
}
